
Microsoft Visual Studio Solution File, Format Version 12.00
# Visual Studio 14
VisualStudioVersion = 14.0.23107.0
MinimumVisualStudioVersion = 10.0.40219.1
Project("{FAE04EC0-301F-11D3-BF4B-00C04F79EFBC}") = "UserServer", "UserServer\UserServer.csproj", "{9DF884D9-C06F-4CDD-855E-D9D471F565A8}"
EndProject
Project("{FAE04EC0-301F-11D3-BF4B-00C04F79EFBC}") = "ser", "ser\ser.csproj", "{814F671B-0BD3-4EDB-9AFF-5FEFF8122B72}"
EndProject
Global
	GlobalSection(SolutionConfigurationPlatforms) = preSolution
		Debug|Any CPU = Debug|Any CPU
		Release|Any CPU = Release|Any CPU
	EndGlobalSection
	GlobalSection(ProjectConfigurationPlatforms) = postSolution
		{9DF884D9-C06F-4CDD-855E-D9D471F565A8}.Debug|Any CPU.ActiveCfg = Debug|Any CPU
		{9DF884D9-C06F-4CDD-855E-D9D471F565A8}.Debug|Any CPU.Build.0 = Debug|Any CPU
		{9DF884D9-C06F-4CDD-855E-D9D471F565A8}.Release|Any CPU.ActiveCfg = Release|Any CPU
		{9DF884D9-C06F-4CDD-855E-D9D471F565A8}.Release|Any CPU.Build.0 = Release|Any CPU
		{814F671B-0BD3-4EDB-9AFF-5FEFF8122B72}.Debug|Any CPU.ActiveCfg = Debug|Any CPU
		{814F671B-0BD3-4EDB-9AFF-5FEFF8122B72}.Debug|Any CPU.Build.0 = Debug|Any CPU
		{814F671B-0BD3-4EDB-9AFF-5FEFF8122B72}.Release|Any CPU.ActiveCfg = Release|Any CPU
		{814F671B-0BD3-4EDB-9AFF-5FEFF8122B72}.Release|Any CPU.Build.0 = Release|Any CPU
	EndGlobalSection
	GlobalSection(SolutionProperties) = preSolution
		HideSolutionNode = FALSE
	EndGlobalSection
EndGlobal
